{
  "version": 4,
  "terraform_version": "1.13.0",
  "serial": 139,
  "lineage": "02e3a9c5-cbda-ecf6-3334-290190e35cf6",
  "outputs": {},
  "resources": [
    {
      "module": "module.vpc",
      "mode": "managed",
      "type": "aws_vpc",
      "name": "this",
      "provider": "provider[\"registry.terraform.io/hashicorp/aws\"]",
      "instances": [
        {
          "index_key": 0,
          "schema_version": 1,
          "attributes": {
            "arn": "arn:aws:ec2:eu-north-1:099751327699:vpc/vpc-011f78e90d4573fce",
            "assign_generated_ipv6_cidr_block": false,
            "cidr_block": "10.0.0.0/16",
            "default_network_acl_id": "acl-03b249f2e6fafb449",
            "default_route_table_id": "rtb-0d0540d4f6813604c",
            "default_security_group_id": "sg-0a5a627cd06914a55",
            "dhcp_options_id": "dopt-0928bca0536f5a0e4",
            "enable_dns_hostnames": true,
            "enable_dns_support": true,
            "enable_network_address_usage_metrics": false,
            "id": "vpc-011f78e90d4573fce",
            "instance_tenancy": "default",
            "ipv4_ipam_pool_id": null,
            "ipv4_netmask_length": null,
            "ipv6_association_id": "",
            "ipv6_cidr_block": "",
            "ipv6_cidr_block_network_border_group": "",
            "ipv6_ipam_pool_id": "",
            "ipv6_netmask_length": 0,
            "main_route_table_id": "rtb-0d0540d4f6813604c",
            "owner_id": "099751327699",
            "tags": {
              "Name": "drupal-vpc"
            },
            "tags_all": {
              "Name": "drupal-vpc"
            }
          },
          "sensitive_attributes": [],
          "identity_schema_version": 0,
          "private": "eyJzY2hlbWFfdmVyc2lvbiI6IjEifQ==",
          "create_before_destroy": true
        }
      ]
    }
  ],
  "check_results": null
}
